
Microsoft Visual Studio Solution File, Format Version 12.00
# Visual Studio Version 17
VisualStudioVersion = 17.0.31903.59
MinimumVisualStudioVersion = 10.0.40219.1
Project("{2150E333-8FDC-42A3-9474-1A3956D46DE8}") = "Api", "Api", "{D82C56D6-B2CD-F611-9E31-04638F7EC30E}"
EndProject
Project("{FAE04EC0-301F-11D3-BF4B-00C04F79EFBC}") = "ShellMgmt.Domain", "Api\ShellMgmt.Domain\ShellMgmt.Domain.csproj", "{9CFB387B-D707-4F04-AF04-4FE3D6CDFFB1}"
EndProject
Project("{FAE04EC0-301F-11D3-BF4B-00C04F79EFBC}") = "ShellMgmt.Application", "Api\ShellMgmt.Application\ShellMgmt.Application.csproj", "{219034D2-4EC3-4C6A-AAFF-CE01FF99FE86}"
EndProject
Project("{FAE04EC0-301F-11D3-BF4B-00C04F79EFBC}") = "ShellMgmt.Persistence", "Api\ShellMgmt.Persistence\ShellMgmt.Persistence.csproj", "{E8BB02D1-4E0E-4067-BF44-C6E9FBACCB75}"
EndProject
Project("{FAE04EC0-301F-11D3-BF4B-00C04F79EFBC}") = "ShellMgmt.Api", "Api\ShellMgmt.Api\ShellMgmt.Api.csproj", "{A88F5D41-F6C0-4DB0-9AF6-AEFB767F7DE0}"
EndProject
Project("{FAE04EC0-301F-11D3-BF4B-00C04F79EFBC}") = "ShellMgmt.Web", "Web\ShellMgmt.Web.csproj", "{DE45CD41-B278-47EF-BC4E-4350C0C502D2}"
EndProject
Global
	GlobalSection(SolutionConfigurationPlatforms) = preSolution
		Debug|Any CPU = Debug|Any CPU
		Debug|x64 = Debug|x64
		Debug|x86 = Debug|x86
		Release|Any CPU = Release|Any CPU
		Release|x64 = Release|x64
		Release|x86 = Release|x86
	EndGlobalSection
	GlobalSection(ProjectConfigurationPlatforms) = postSolution
		{9CFB387B-D707-4F04-AF04-4FE3D6CDFFB1}.Debug|Any CPU.ActiveCfg = Debug|Any CPU
		{9CFB387B-D707-4F04-AF04-4FE3D6CDFFB1}.Debug|Any CPU.Build.0 = Debug|Any CPU
		{9CFB387B-D707-4F04-AF04-4FE3D6CDFFB1}.Debug|x64.ActiveCfg = Debug|Any CPU
		{9CFB387B-D707-4F04-AF04-4FE3D6CDFFB1}.Debug|x64.Build.0 = Debug|Any CPU
		{9CFB387B-D707-4F04-AF04-4FE3D6CDFFB1}.Debug|x86.ActiveCfg = Debug|Any CPU
		{9CFB387B-D707-4F04-AF04-4FE3D6CDFFB1}.Debug|x86.Build.0 = Debug|Any CPU
		{9CFB387B-D707-4F04-AF04-4FE3D6CDFFB1}.Release|Any CPU.ActiveCfg = Release|Any CPU
		{9CFB387B-D707-4F04-AF04-4FE3D6CDFFB1}.Release|Any CPU.Build.0 = Release|Any CPU
		{9CFB387B-D707-4F04-AF04-4FE3D6CDFFB1}.Release|x64.ActiveCfg = Release|Any CPU
		{9CFB387B-D707-4F04-AF04-4FE3D6CDFFB1}.Release|x64.Build.0 = Release|Any CPU
		{9CFB387B-D707-4F04-AF04-4FE3D6CDFFB1}.Release|x86.ActiveCfg = Release|Any CPU
		{9CFB387B-D707-4F04-AF04-4FE3D6CDFFB1}.Release|x86.Build.0 = Release|Any CPU
		{219034D2-4EC3-4C6A-AAFF-CE01FF99FE86}.Debug|Any CPU.ActiveCfg = Debug|Any CPU
		{219034D2-4EC3-4C6A-AAFF-CE01FF99FE86}.Debug|Any CPU.Build.0 = Debug|Any CPU
		{219034D2-4EC3-4C6A-AAFF-CE01FF99FE86}.Debug|x64.ActiveCfg = Debug|Any CPU
		{219034D2-4EC3-4C6A-AAFF-CE01FF99FE86}.Debug|x64.Build.0 = Debug|Any CPU
		{219034D2-4EC3-4C6A-AAFF-CE01FF99FE86}.Debug|x86.ActiveCfg = Debug|Any CPU
		{219034D2-4EC3-4C6A-AAFF-CE01FF99FE86}.Debug|x86.Build.0 = Debug|Any CPU
		{219034D2-4EC3-4C6A-AAFF-CE01FF99FE86}.Release|Any CPU.ActiveCfg = Release|Any CPU
		{219034D2-4EC3-4C6A-AAFF-CE01FF99FE86}.Release|Any CPU.Build.0 = Release|Any CPU
		{219034D2-4EC3-4C6A-AAFF-CE01FF99FE86}.Release|x64.ActiveCfg = Release|Any CPU
		{219034D2-4EC3-4C6A-AAFF-CE01FF99FE86}.Release|x64.Build.0 = Release|Any CPU
		{219034D2-4EC3-4C6A-AAFF-CE01FF99FE86}.Release|x86.ActiveCfg = Release|Any CPU
		{219034D2-4EC3-4C6A-AAFF-CE01FF99FE86}.Release|x86.Build.0 = Release|Any CPU
		{E8BB02D1-4E0E-4067-BF44-C6E9FBACCB75}.Debug|Any CPU.ActiveCfg = Debug|Any CPU
		{E8BB02D1-4E0E-4067-BF44-C6E9FBACCB75}.Debug|Any CPU.Build.0 = Debug|Any CPU
		{E8BB02D1-4E0E-4067-BF44-C6E9FBACCB75}.Debug|x64.ActiveCfg = Debug|Any CPU
		{E8BB02D1-4E0E-4067-BF44-C6E9FBACCB75}.Debug|x64.Build.0 = Debug|Any CPU
		{E8BB02D1-4E0E-4067-BF44-C6E9FBACCB75}.Debug|x86.ActiveCfg = Debug|Any CPU
		{E8BB02D1-4E0E-4067-BF44-C6E9FBACCB75}.Debug|x86.Build.0 = Debug|Any CPU
		{E8BB02D1-4E0E-4067-BF44-C6E9FBACCB75}.Release|Any CPU.ActiveCfg = Release|Any CPU
		{E8BB02D1-4E0E-4067-BF44-C6E9FBACCB75}.Release|Any CPU.Build.0 = Release|Any CPU
		{E8BB02D1-4E0E-4067-BF44-C6E9FBACCB75}.Release|x64.ActiveCfg = Release|Any CPU
		{E8BB02D1-4E0E-4067-BF44-C6E9FBACCB75}.Release|x64.Build.0 = Release|Any CPU
		{E8BB02D1-4E0E-4067-BF44-C6E9FBACCB75}.Release|x86.ActiveCfg = Release|Any CPU
		{E8BB02D1-4E0E-4067-BF44-C6E9FBACCB75}.Release|x86.Build.0 = Release|Any CPU
		{A88F5D41-F6C0-4DB0-9AF6-AEFB767F7DE0}.Debug|Any CPU.ActiveCfg = Debug|Any CPU
		{A88F5D41-F6C0-4DB0-9AF6-AEFB767F7DE0}.Debug|Any CPU.Build.0 = Debug|Any CPU
		{A88F5D41-F6C0-4DB0-9AF6-AEFB767F7DE0}.Debug|x64.ActiveCfg = Debug|Any CPU
		{A88F5D41-F6C0-4DB0-9AF6-AEFB767F7DE0}.Debug|x64.Build.0 = Debug|Any CPU
		{A88F5D41-F6C0-4DB0-9AF6-AEFB767F7DE0}.Debug|x86.ActiveCfg = Debug|Any CPU
		{A88F5D41-F6C0-4DB0-9AF6-AEFB767F7DE0}.Debug|x86.Build.0 = Debug|Any CPU
		{A88F5D41-F6C0-4DB0-9AF6-AEFB767F7DE0}.Release|Any CPU.ActiveCfg = Release|Any CPU
		{A88F5D41-F6C0-4DB0-9AF6-AEFB767F7DE0}.Release|Any CPU.Build.0 = Release|Any CPU
		{A88F5D41-F6C0-4DB0-9AF6-AEFB767F7DE0}.Release|x64.ActiveCfg = Release|Any CPU
		{A88F5D41-F6C0-4DB0-9AF6-AEFB767F7DE0}.Release|x64.Build.0 = Release|Any CPU
		{A88F5D41-F6C0-4DB0-9AF6-AEFB767F7DE0}.Release|x86.ActiveCfg = Release|Any CPU
		{A88F5D41-F6C0-4DB0-9AF6-AEFB767F7DE0}.Release|x86.Build.0 = Release|Any CPU
		{DE45CD41-B278-47EF-BC4E-4350C0C502D2}.Debug|Any CPU.ActiveCfg = Debug|Any CPU
		{DE45CD41-B278-47EF-BC4E-4350C0C502D2}.Debug|Any CPU.Build.0 = Debug|Any CPU
		{DE45CD41-B278-47EF-BC4E-4350C0C502D2}.Debug|x64.ActiveCfg = Debug|Any CPU
		{DE45CD41-B278-47EF-BC4E-4350C0C502D2}.Debug|x64.Build.0 = Debug|Any CPU
		{DE45CD41-B278-47EF-BC4E-4350C0C502D2}.Debug|x86.ActiveCfg = Debug|Any CPU
		{DE45CD41-B278-47EF-BC4E-4350C0C502D2}.Debug|x86.Build.0 = Debug|Any CPU
		{DE45CD41-B278-47EF-BC4E-4350C0C502D2}.Release|Any CPU.ActiveCfg = Release|Any CPU
		{DE45CD41-B278-47EF-BC4E-4350C0C502D2}.Release|Any CPU.Build.0 = Release|Any CPU
		{DE45CD41-B278-47EF-BC4E-4350C0C502D2}.Release|x64.ActiveCfg = Release|Any CPU
		{DE45CD41-B278-47EF-BC4E-4350C0C502D2}.Release|x64.Build.0 = Release|Any CPU
		{DE45CD41-B278-47EF-BC4E-4350C0C502D2}.Release|x86.ActiveCfg = Release|Any CPU
		{DE45CD41-B278-47EF-BC4E-4350C0C502D2}.Release|x86.Build.0 = Release|Any CPU
	EndGlobalSection
	GlobalSection(SolutionProperties) = preSolution
		HideSolutionNode = FALSE
	EndGlobalSection
	GlobalSection(NestedProjects) = preSolution
		{9CFB387B-D707-4F04-AF04-4FE3D6CDFFB1} = {D82C56D6-B2CD-F611-9E31-04638F7EC30E}
		{219034D2-4EC3-4C6A-AAFF-CE01FF99FE86} = {D82C56D6-B2CD-F611-9E31-04638F7EC30E}
		{E8BB02D1-4E0E-4067-BF44-C6E9FBACCB75} = {D82C56D6-B2CD-F611-9E31-04638F7EC30E}
		{A88F5D41-F6C0-4DB0-9AF6-AEFB767F7DE0} = {D82C56D6-B2CD-F611-9E31-04638F7EC30E}
		{DE45CD41-B278-47EF-BC4E-4350C0C502D2} = {D82C56D6-B2CD-F611-9E31-04638F7EC30E}
	EndGlobalSection
EndGlobal
